
Microsoft Visual Studio Solution File, Format Version 12.00
# Visual Studio Version 17
VisualStudioVersion = 17.5.002.0
MinimumVisualStudioVersion = 10.0.40219.1
Project("{9A19103F-16F7-4668-BE54-9A1E7A4F7556}") = "Minimal API", "Minimal API.csproj", "{D9387521-D756-4C3C-B0BC-7F094BC2B785}"
EndProject
Global
	GlobalSection(SolutionConfigurationPlatforms) = preSolution
		Debug|Any CPU = Debug|Any CPU
		Release|Any CPU = Release|Any CPU
	EndGlobalSection
	GlobalSection(ProjectConfigurationPlatforms) = postSolution
		{D9387521-D756-4C3C-B0BC-7F094BC2B785}.Debug|Any CPU.ActiveCfg = Debug|Any CPU
		{D9387521-D756-4C3C-B0BC-7F094BC2B785}.Debug|Any CPU.Build.0 = Debug|Any CPU
		{D9387521-D756-4C3C-B0BC-7F094BC2B785}.Release|Any CPU.ActiveCfg = Release|Any CPU
		{D9387521-D756-4C3C-B0BC-7F094BC2B785}.Release|Any CPU.Build.0 = Release|Any CPU
	EndGlobalSection
	GlobalSection(SolutionProperties) = preSolution
		HideSolutionNode = FALSE
	EndGlobalSection
	GlobalSection(ExtensibilityGlobals) = postSolution
		SolutionGuid = {2790EA3B-5CFF-487B-BC1C-D8274EACD687}
	EndGlobalSection
EndGlobal
